
Microsoft Visual Studio Solution File, Format Version 12.00
# Visual Studio Version 17
VisualStudioVersion = 17.9.34728.123
MinimumVisualStudioVersion = 10.0.40219.1
Project("{9A19103F-16F7-4668-BE54-9A1E7A4F7556}") = "FoodWasteAPI", "Food-Waste-API\FoodWasteAPI.csproj", "{DD3CAC26-51AC-4333-867C-7E54EE3BE7E1}"
EndProject
Global
	GlobalSection(SolutionConfigurationPlatforms) = preSolution
		Debug|Any CPU = Debug|Any CPU
		Release|Any CPU = Release|Any CPU
	EndGlobalSection
	GlobalSection(ProjectConfigurationPlatforms) = postSolution
		{DD3CAC26-51AC-4333-867C-7E54EE3BE7E1}.Debug|Any CPU.ActiveCfg = Debug|Any CPU
		{DD3CAC26-51AC-4333-867C-7E54EE3BE7E1}.Debug|Any CPU.Build.0 = Debug|Any CPU
		{DD3CAC26-51AC-4333-867C-7E54EE3BE7E1}.Release|Any CPU.ActiveCfg = Release|Any CPU
		{DD3CAC26-51AC-4333-867C-7E54EE3BE7E1}.Release|Any CPU.Build.0 = Release|Any CPU
	EndGlobalSection
	GlobalSection(SolutionProperties) = preSolution
		HideSolutionNode = FALSE
	EndGlobalSection
	GlobalSection(ExtensibilityGlobals) = postSolution
		SolutionGuid = {6236E1BE-31AE-45F8-8E45-445F286B375E}
	EndGlobalSection
EndGlobal
